{
  "name": "testing-nodemailer-smtp",
  "version": "1.0.0",
  "lockfileVersion": 1,
  "requires": true,
  "dependencies": {
    "nodemailer": {
      "version": "6.6.4",
      "resolved": "https://registry.npmjs.org/nodemailer/-/nodemailer-6.6.4.tgz",
      "integrity": "sha512-7ZXmys0IIaX531apjP+m/w1YYX3LGToDeRGTrxaPPdWLPernM8ZM+2w6pYp1eNF6LJxbUbAN8KHmlGaFz/HqqQ=="
    }
  }
}
